// !$*UTF8*$!
{
	archiveVersion = 1;
	classes = {
	};
	objectVersion = 50;
	objects = {

/* Begin PBXBuildFile section */
		3F81A077252F4EE3009D2950 /* AppDelegate.swift in Sources */ = {isa = PBXBuildFile; fileRef = 3F81A076252F4EE3009D2950 /* AppDelegate.swift */; };
		3F81A079252F4EE3009D2950 /* SceneDelegate.swift in Sources */ = {isa = PBXBuildFile; fileRef = 3F81A078252F4EE3009D2950 /* SceneDelegate.swift */; };
		3F81A07B252F4EE3009D2950 /* FirstViewController.swift in Sources */ = {isa = PBXBuildFile; fileRef = 3F81A07A252F4EE3009D2950 /* FirstViewController.swift */; };
		3F81A07E252F4EE3009D2950 /* Main.storyboard in Resources */ = {isa = PBXBuildFile; fileRef = 3F81A07C252F4EE3009D2950 /* Main.storyboard */; };
		3F81A080252F4EE4009D2950 /* Assets.xcassets in Resources */ = {isa = PBXBuildFile; fileRef = 3F81A07F252F4EE4009D2950 /* Assets.xcassets */; };
		3F81A083252F4EE4009D2950 /* LaunchScreen.storyboard in Resources */ = {isa = PBXBuildFile; fileRef = 3F81A081252F4EE4009D2950 /* LaunchScreen.storyboard */; };
		3F81A08E252F4EE4009D2950 /* FlowCoordinatorsExampleTests.swift in Sources */ = {isa = PBXBuildFile; fileRef = 3F81A08D252F4EE4009D2950 /* FlowCoordinatorsExampleTests.swift */; };
		3F81A099252F4EE4009D2950 /* FlowCoordinatorsExampleUITests.swift in Sources */ = {isa = PBXBuildFile; fileRef = 3F81A098252F4EE4009D2950 /* FlowCoordinatorsExampleUITests.swift */; };
		3F81A0AE252F4F58009D2950 /* MyTestApplication.swift in Sources */ = {isa = PBXBuildFile; fileRef = 3F81A0A9252F4F58009D2950 /* MyTestApplication.swift */; };
		3F81A0AF252F4F58009D2950 /* FirstViewModel.swift in Sources */ = {isa = PBXBuildFile; fileRef = 3F81A0AA252F4F58009D2950 /* FirstViewModel.swift */; };
		3F81A0B0252F4F58009D2950 /* ApplicationCoordinator.swift in Sources */ = {isa = PBXBuildFile; fileRef = 3F81A0AC252F4F58009D2950 /* ApplicationCoordinator.swift */; };
		3F81A0B1252F4F58009D2950 /* BaseCoordinator.swift in Sources */ = {isa = PBXBuildFile; fileRef = 3F81A0AD252F4F58009D2950 /* BaseCoordinator.swift */; };
		3FE8FCE5252F63A700C82BF9 /* MyModalViewController.swift in Sources */ = {isa = PBXBuildFile; fileRef = 3FE8FCE4252F63A700C82BF9 /* MyModalViewController.swift */; };
		3FE8FCEA252F69E900C82BF9 /* MyModalCoordinator.swift in Sources */ = {isa = PBXBuildFile; fileRef = 3FE8FCE9252F69E900C82BF9 /* MyModalCoordinator.swift */; };
		3FE8FCF4252F6F8900C82BF9 /* NavCoordinator.swift in Sources */ = {isa = PBXBuildFile; fileRef = 3FE8FCF3252F6F8900C82BF9 /* NavCoordinator.swift */; };
/* End PBXBuildFile section */

/* Begin PBXContainerItemProxy section */
		3F81A08A252F4EE4009D2950 /* PBXContainerItemProxy */ = {
			isa = PBXContainerItemProxy;
			containerPortal = 3F81A06B252F4EE3009D2950 /* Project object */;
			proxyType = 1;
			remoteGlobalIDString = 3F81A072252F4EE3009D2950;
			remoteInfo = CoordinatorsTest;
		};
		3F81A095252F4EE4009D2950 /* PBXContainerItemProxy */ = {
			isa = PBXContainerItemProxy;
			containerPortal = 3F81A06B252F4EE3009D2950 /* Project object */;
			proxyType = 1;
			remoteGlobalIDString = 3F81A072252F4EE3009D2950;
			remoteInfo = CoordinatorsTest;
		};
/* End PBXContainerItemProxy section */

/* Begin PBXFileReference section */
		3F81A073252F4EE3009D2950 /* FlowCoordinatorsExample.app */ = {isa = PBXFileReference; explicitFileType = wrapper.application; includeInIndex = 0; path = FlowCoordinatorsExample.app; sourceTree = BUILT_PRODUCTS_DIR; };
		3F81A076252F4EE3009D2950 /* AppDelegate.swift */ = {isa = PBXFileReference; lastKnownFileType = sourcecode.swift; path = AppDelegate.swift; sourceTree = "<group>"; };
		3F81A078252F4EE3009D2950 /* SceneDelegate.swift */ = {isa = PBXFileReference; lastKnownFileType = sourcecode.swift; path = SceneDelegate.swift; sourceTree = "<group>"; };
		3F81A07A252F4EE3009D2950 /* FirstViewController.swift */ = {isa = PBXFileReference; lastKnownFileType = sourcecode.swift; path = FirstViewController.swift; sourceTree = "<group>"; };
		3F81A07D252F4EE3009D2950 /* Base */ = {isa = PBXFileReference; lastKnownFileType = file.storyboard; name = Base; path = Base.lproj/Main.storyboard; sourceTree = "<group>"; };
		3F81A07F252F4EE4009D2950 /* Assets.xcassets */ = {isa = PBXFileReference; lastKnownFileType = folder.assetcatalog; path = Assets.xcassets; sourceTree = "<group>"; };
		3F81A082252F4EE4009D2950 /* Base */ = {isa = PBXFileReference; lastKnownFileType = file.storyboard; name = Base; path = Base.lproj/LaunchScreen.storyboard; sourceTree = "<group>"; };
		3F81A084252F4EE4009D2950 /* Info.plist */ = {isa = PBXFileReference; lastKnownFileType = text.plist.xml; path = Info.plist; sourceTree = "<group>"; };
		3F81A089252F4EE4009D2950 /* FlowCoordinatorsExampleTests.xctest */ = {isa = PBXFileReference; explicitFileType = wrapper.cfbundle; includeInIndex = 0; path = FlowCoordinatorsExampleTests.xctest; sourceTree = BUILT_PRODUCTS_DIR; };
		3F81A08D252F4EE4009D2950 /* FlowCoordinatorsExampleTests.swift */ = {isa = PBXFileReference; lastKnownFileType = sourcecode.swift; path = FlowCoordinatorsExampleTests.swift; sourceTree = "<group>"; };
		3F81A08F252F4EE4009D2950 /* Info.plist */ = {isa = PBXFileReference; lastKnownFileType = text.plist.xml; path = Info.plist; sourceTree = "<group>"; };
		3F81A094252F4EE4009D2950 /* FlowCoordinatorsExampleUITests.xctest */ = {isa = PBXFileReference; explicitFileType = wrapper.cfbundle; includeInIndex = 0; path = FlowCoordinatorsExampleUITests.xctest; sourceTree = BUILT_PRODUCTS_DIR; };
		3F81A098252F4EE4009D2950 /* FlowCoordinatorsExampleUITests.swift */ = {isa = PBXFileReference; lastKnownFileType = sourcecode.swift; path = FlowCoordinatorsExampleUITests.swift; sourceTree = "<group>"; };
		3F81A09A252F4EE4009D2950 /* Info.plist */ = {isa = PBXFileReference; lastKnownFileType = text.plist.xml; path = Info.plist; sourceTree = "<group>"; };
		3F81A0A9252F4F58009D2950 /* MyTestApplication.swift */ = {isa = PBXFileReference; fileEncoding = 4; lastKnownFileType = sourcecode.swift; path = MyTestApplication.swift; sourceTree = "<group>"; };
		3F81A0AA252F4F58009D2950 /* FirstViewModel.swift */ = {isa = PBXFileReference; fileEncoding = 4; lastKnownFileType = sourcecode.swift; path = FirstViewModel.swift; sourceTree = "<group>"; };
		3F81A0AC252F4F58009D2950 /* ApplicationCoordinator.swift */ = {isa = PBXFileReference; fileEncoding = 4; lastKnownFileType = sourcecode.swift; path = ApplicationCoordinator.swift; sourceTree = "<group>"; };
		3F81A0AD252F4F58009D2950 /* BaseCoordinator.swift */ = {isa = PBXFileReference; fileEncoding = 4; lastKnownFileType = sourcecode.swift; path = BaseCoordinator.swift; sourceTree = "<group>"; };
		3FE8FCE4252F63A700C82BF9 /* MyModalViewController.swift */ = {isa = PBXFileReference; lastKnownFileType = sourcecode.swift; path = MyModalViewController.swift; sourceTree = "<group>"; };
		3FE8FCE9252F69E900C82BF9 /* MyModalCoordinator.swift */ = {isa = PBXFileReference; lastKnownFileType = sourcecode.swift; path = MyModalCoordinator.swift; sourceTree = "<group>"; };
		3FE8FCF3252F6F8900C82BF9 /* NavCoordinator.swift */ = {isa = PBXFileReference; lastKnownFileType = sourcecode.swift; path = NavCoordinator.swift; sourceTree = "<group>"; };
/* End PBXFileReference section */

/* Begin PBXFrameworksBuildPhase section */
		3F81A070252F4EE3009D2950 /* Frameworks */ = {
			isa = PBXFrameworksBuildPhase;
			buildActionMask = 2147483647;
			files = (
			);
			runOnlyForDeploymentPostprocessing = 0;
		};
		3F81A086252F4EE4009D2950 /* Frameworks */ = {
			isa = PBXFrameworksBuildPhase;
			buildActionMask = 2147483647;
			files = (
			);
			runOnlyForDeploymentPostprocessing = 0;
		};
		3F81A091252F4EE4009D2950 /* Frameworks */ = {
			isa = PBXFrameworksBuildPhase;
			buildActionMask = 2147483647;
			files = (
			);
			runOnlyForDeploymentPostprocessing = 0;
		};
/* End PBXFrameworksBuildPhase section */

/* Begin PBXGroup section */
		3F690531252F61CE00AA6B1F /* FirstView */ = {
			isa = PBXGroup;
			children = (
				3F81A0AA252F4F58009D2950 /* FirstViewModel.swift */,
				3F81A07A252F4EE3009D2950 /* FirstViewController.swift */,
			);
			path = FirstView;
			sourceTree = "<group>";
		};
		3F81A06A252F4EE3009D2950 = {
			isa = PBXGroup;
			children = (
				3F81A075252F4EE3009D2950 /* FlowCoordinatorsExample */,
				3F81A08C252F4EE4009D2950 /* FlowCoordinatorsExampleTests */,
				3F81A097252F4EE4009D2950 /* FlowCoordinatorsExampleUITests */,
				3F81A074252F4EE3009D2950 /* Products */,
			);
			sourceTree = "<group>";
		};
		3F81A074252F4EE3009D2950 /* Products */ = {
			isa = PBXGroup;
			children = (
				3F81A073252F4EE3009D2950 /* FlowCoordinatorsExample.app */,
				3F81A089252F4EE4009D2950 /* FlowCoordinatorsExampleTests.xctest */,
				3F81A094252F4EE4009D2950 /* FlowCoordinatorsExampleUITests.xctest */,
			);
			name = Products;
			sourceTree = "<group>";
		};
		3F81A075252F4EE3009D2950 /* FlowCoordinatorsExample */ = {
			isa = PBXGroup;
			children = (
				3F81A0AB252F4F58009D2950 /* Coordinators */,
				3F690531252F61CE00AA6B1F /* FirstView */,
				3FE8FCE3252F639400C82BF9 /* ModalView */,
				3FE8FCE2252F639400C82BF9 /* NavView */,
				3F81A0A9252F4F58009D2950 /* MyTestApplication.swift */,
				3F81A076252F4EE3009D2950 /* AppDelegate.swift */,
				3F81A078252F4EE3009D2950 /* SceneDelegate.swift */,
				3F81A07C252F4EE3009D2950 /* Main.storyboard */,
				3F81A07F252F4EE4009D2950 /* Assets.xcassets */,
				3F81A081252F4EE4009D2950 /* LaunchScreen.storyboard */,
				3F81A084252F4EE4009D2950 /* Info.plist */,
			);
			path = FlowCoordinatorsExample;
			sourceTree = "<group>";
		};
		3F81A08C252F4EE4009D2950 /* FlowCoordinatorsExampleTests */ = {
			isa = PBXGroup;
			children = (
				3F81A08D252F4EE4009D2950 /* FlowCoordinatorsExampleTests.swift */,
				3F81A08F252F4EE4009D2950 /* Info.plist */,
			);
			path = FlowCoordinatorsExampleTests;
			sourceTree = "<group>";
		};
		3F81A097252F4EE4009D2950 /* FlowCoordinatorsExampleUITests */ = {
			isa = PBXGroup;
			children = (
				3F81A098252F4EE4009D2950 /* FlowCoordinatorsExampleUITests.swift */,
				3F81A09A252F4EE4009D2950 /* Info.plist */,
			);
			path = FlowCoordinatorsExampleUITests;
			sourceTree = "<group>";
		};
		3F81A0AB252F4F58009D2950 /* Coordinators */ = {
			isa = PBXGroup;
			children = (
				3F81A0AD252F4F58009D2950 /* BaseCoordinator.swift */,
				3F81A0AC252F4F58009D2950 /* ApplicationCoordinator.swift */,
			);
			path = Coordinators;
			sourceTree = "<group>";
		};
		3FE8FCE2252F639400C82BF9 /* NavView */ = {
			isa = PBXGroup;
			children = (
				3FE8FCF3252F6F8900C82BF9 /* NavCoordinator.swift */,
			);
			path = NavView;
			sourceTree = "<group>";
		};
		3FE8FCE3252F639400C82BF9 /* ModalView */ = {
			isa = PBXGroup;
			children = (
				3FE8FCE4252F63A700C82BF9 /* MyModalViewController.swift */,
				3FE8FCE9252F69E900C82BF9 /* MyModalCoordinator.swift */,
			);
			path = ModalView;
			sourceTree = "<group>";
		};
/* End PBXGroup section */

/* Begin PBXNativeTarget section */
		3F81A072252F4EE3009D2950 /* FlowCoordinatorsExample */ = {
			isa = PBXNativeTarget;
			buildConfigurationList = 3F81A09D252F4EE4009D2950 /* Build configuration list for PBXNativeTarget "FlowCoordinatorsExample" */;
			buildPhases = (
				3F81A06F252F4EE3009D2950 /* Sources */,
				3F81A070252F4EE3009D2950 /* Frameworks */,
				3F81A071252F4EE3009D2950 /* Resources */,
			);
			buildRules = (
			);
			dependencies = (
			);
			name = FlowCoordinatorsExample;
			productName = CoordinatorsTest;
			productReference = 3F81A073252F4EE3009D2950 /* FlowCoordinatorsExample.app */;
			productType = "com.apple.product-type.application";
		};
		3F81A088252F4EE4009D2950 /* FlowCoordinatorsExampleTests */ = {
			isa = PBXNativeTarget;
			buildConfigurationList = 3F81A0A0252F4EE4009D2950 /* Build configuration list for PBXNativeTarget "FlowCoordinatorsExampleTests" */;
			buildPhases = (
				3F81A085252F4EE4009D2950 /* Sources */,
				3F81A086252F4EE4009D2950 /* Frameworks */,
				3F81A087252F4EE4009D2950 /* Resources */,
			);
			buildRules = (
			);
			dependencies = (
				3F81A08B252F4EE4009D2950 /* PBXTargetDependency */,
			);
			name = FlowCoordinatorsExampleTests;
			productName = CoordinatorsTestTests;
			productReference = 3F81A089252F4EE4009D2950 /* FlowCoordinatorsExampleTests.xctest */;
			productType = "com.apple.product-type.bundle.unit-test";
		};
		3F81A093252F4EE4009D2950 /* FlowCoordinatorsExampleUITests */ = {
			isa = PBXNativeTarget;
			buildConfigurationList = 3F81A0A3252F4EE4009D2950 /* Build configuration list for PBXNativeTarget "FlowCoordinatorsExampleUITests" */;
			buildPhases = (
				3F81A090252F4EE4009D2950 /* Sources */,
				3F81A091252F4EE4009D2950 /* Frameworks */,
				3F81A092252F4EE4009D2950 /* Resources */,
			);
			buildRules = (
			);
			dependencies = (
				3F81A096252F4EE4009D2950 /* PBXTargetDependency */,
			);
			name = FlowCoordinatorsExampleUITests;
			productName = CoordinatorsTestUITests;
			productReference = 3F81A094252F4EE4009D2950 /* FlowCoordinatorsExampleUITests.xctest */;
			productType = "com.apple.product-type.bundle.ui-testing";
		};
/* End PBXNativeTarget section */

/* Begin PBXProject section */
		3F81A06B252F4EE3009D2950 /* Project object */ = {
			isa = PBXProject;
			attributes = {
				LastSwiftUpdateCheck = 1200;
				LastUpgradeCheck = 1200;
				TargetAttributes = {
					3F81A072252F4EE3009D2950 = {
						CreatedOnToolsVersion = 12.0;
					};
					3F81A088252F4EE4009D2950 = {
						CreatedOnToolsVersion = 12.0;
						TestTargetID = 3F81A072252F4EE3009D2950;
					};
					3F81A093252F4EE4009D2950 = {
						CreatedOnToolsVersion = 12.0;
						TestTargetID = 3F81A072252F4EE3009D2950;
					};
				};
			};
			buildConfigurationList = 3F81A06E252F4EE3009D2950 /* Build configuration list for PBXProject "FlowCoordinatorsExample" */;
			compatibilityVersion = "Xcode 9.3";
			developmentRegion = en;
			hasScannedForEncodings = 0;
			knownRegions = (
				en,
				Base,
			);
			mainGroup = 3F81A06A252F4EE3009D2950;
			productRefGroup = 3F81A074252F4EE3009D2950 /* Products */;
			projectDirPath = "";
			projectRoot = "";
			targets = (
				3F81A072252F4EE3009D2950 /* FlowCoordinatorsExample */,
				3F81A088252F4EE4009D2950 /* FlowCoordinatorsExampleTests */,
				3F81A093252F4EE4009D2950 /* FlowCoordinatorsExampleUITests */,
			);
		};
/* End PBXProject section */

/* Begin PBXResourcesBuildPhase section */
		3F81A071252F4EE3009D2950 /* Resources */ = {
			isa = PBXResourcesBuildPhase;
			buildActionMask = 2147483647;
			files = (
				3F81A083252F4EE4009D2950 /* LaunchScreen.storyboard in Resources */,
				3F81A080252F4EE4009D2950 /* Assets.xcassets in Resources */,
				3F81A07E252F4EE3009D2950 /* Main.storyboard in Resources */,
			);
			runOnlyForDeploymentPostprocessing = 0;
		};
		3F81A087252F4EE4009D2950 /* Resources */ = {
			isa = PBXResourcesBuildPhase;
			buildActionMask = 2147483647;
			files = (
			);
			runOnlyForDeploymentPostprocessing = 0;
		};
		3F81A092252F4EE4009D2950 /* Resources */ = {
			isa = PBXResourcesBuildPhase;
			buildActionMask = 2147483647;
			files = (
			);
			runOnlyForDeploymentPostprocessing = 0;
		};
/* End PBXResourcesBuildPhase section */

/* Begin PBXSourcesBuildPhase section */
		3F81A06F252F4EE3009D2950 /* Sources */ = {
			isa = PBXSourcesBuildPhase;
			buildActionMask = 2147483647;
			files = (
				3FE8FCE5252F63A700C82BF9 /* MyModalViewController.swift in Sources */,
				3F81A0AE252F4F58009D2950 /* MyTestApplication.swift in Sources */,
				3F81A0AF252F4F58009D2950 /* FirstViewModel.swift in Sources */,
				3F81A07B252F4EE3009D2950 /* FirstViewController.swift in Sources */,
				3F81A077252F4EE3009D2950 /* AppDelegate.swift in Sources */,
				3F81A079252F4EE3009D2950 /* SceneDelegate.swift in Sources */,
				3FE8FCF4252F6F8900C82BF9 /* NavCoordinator.swift in Sources */,
				3F81A0B0252F4F58009D2950 /* ApplicationCoordinator.swift in Sources */,
				3FE8FCEA252F69E900C82BF9 /* MyModalCoordinator.swift in Sources */,
				3F81A0B1252F4F58009D2950 /* BaseCoordinator.swift in Sources */,
			);
			runOnlyForDeploymentPostprocessing = 0;
		};
		3F81A085252F4EE4009D2950 /* Sources */ = {
			isa = PBXSourcesBuildPhase;
			buildActionMask = 2147483647;
			files = (
				3F81A08E252F4EE4009D2950 /* FlowCoordinatorsExampleTests.swift in Sources */,
			);
			runOnlyForDeploymentPostprocessing = 0;
		};
		3F81A090252F4EE4009D2950 /* Sources */ = {
			isa = PBXSourcesBuildPhase;
			buildActionMask = 2147483647;
			files = (
				3F81A099252F4EE4009D2950 /* FlowCoordinatorsExampleUITests.swift in Sources */,
			);
			runOnlyForDeploymentPostprocessing = 0;
		};
/* End PBXSourcesBuildPhase section */

/* Begin PBXTargetDependency section */
		3F81A08B252F4EE4009D2950 /* PBXTargetDependency */ = {
			isa = PBXTargetDependency;
			target = 3F81A072252F4EE3009D2950 /* FlowCoordinatorsExample */;
			targetProxy = 3F81A08A252F4EE4009D2950 /* PBXContainerItemProxy */;
		};
		3F81A096252F4EE4009D2950 /* PBXTargetDependency */ = {
			isa = PBXTargetDependency;
			target = 3F81A072252F4EE3009D2950 /* FlowCoordinatorsExample */;
			targetProxy = 3F81A095252F4EE4009D2950 /* PBXContainerItemProxy */;
		};
/* End PBXTargetDependency section */

/* Begin PBXVariantGroup section */
		3F81A07C252F4EE3009D2950 /* Main.storyboard */ = {
			isa = PBXVariantGroup;
			children = (
				3F81A07D252F4EE3009D2950 /* Base */,
			);
			name = Main.storyboard;
			sourceTree = "<group>";
		};
		3F81A081252F4EE4009D2950 /* LaunchScreen.storyboard */ = {
			isa = PBXVariantGroup;
			children = (
				3F81A082252F4EE4009D2950 /* Base */,
			);
			name = LaunchScreen.storyboard;
			sourceTree = "<group>";
		};
/* End PBXVariantGroup section */

/* Begin XCBuildConfiguration section */
		3F81A09B252F4EE4009D2950 /* Debug */ = {
			isa = XCBuildConfiguration;
			buildSettings = {
				ALWAYS_SEARCH_USER_PATHS = NO;
				CLANG_ANALYZER_NONNULL = YES;
				CLANG_ANALYZER_NUMBER_OBJECT_CONVERSION = YES_AGGRESSIVE;
				CLANG_CXX_LANGUAGE_STANDARD = "gnu++14";
				CLANG_CXX_LIBRARY = "libc++";
				CLANG_ENABLE_MODULES = YES;
				CLANG_ENABLE_OBJC_ARC = YES;
				CLANG_ENABLE_OBJC_WEAK = YES;
				CLANG_WARN_BLOCK_CAPTURE_AUTORELEASING = YES;
				CLANG_WARN_BOOL_CONVERSION = YES;
				CLANG_WARN_COMMA = YES;
				CLANG_WARN_CONSTANT_CONVERSION = YES;
				CLANG_WARN_DEPRECATED_OBJC_IMPLEMENTATIONS = YES;
				CLANG_WARN_DIRECT_OBJC_ISA_USAGE = YES_ERROR;
				CLANG_WARN_DOCUMENTATION_COMMENTS = YES;
				CLANG_WARN_EMPTY_BODY = YES;
				CLANG_WARN_ENUM_CONVERSION = YES;
				CLANG_WARN_INFINITE_RECURSION = YES;
				CLANG_WARN_INT_CONVERSION = YES;
				CLANG_WARN_NON_LITERAL_NULL_CONVERSION = YES;
				CLANG_WARN_OBJC_IMPLICIT_RETAIN_SELF = YES;
				CLANG_WARN_OBJC_LITERAL_CONVERSION = YES;
				CLANG_WARN_OBJC_ROOT_CLASS = YES_ERROR;
				CLANG_WARN_QUOTED_INCLUDE_IN_FRAMEWORK_HEADER = YES;
				CLANG_WARN_RANGE_LOOP_ANALYSIS = YES;
				CLANG_WARN_STRICT_PROTOTYPES = YES;
				CLANG_WARN_SUSPICIOUS_MOVE = YES;
				CLANG_WARN_UNGUARDED_AVAILABILITY = YES_AGGRESSIVE;
				CLANG_WARN_UNREACHABLE_CODE = YES;
				CLANG_WARN__DUPLICATE_METHOD_MATCH = YES;
				COPY_PHASE_STRIP = NO;
				DEBUG_INFORMATION_FORMAT = dwarf;
				ENABLE_STRICT_OBJC_MSGSEND = YES;
				ENABLE_TESTABILITY = YES;
				GCC_C_LANGUAGE_STANDARD = gnu11;
				GCC_DYNAMIC_NO_PIC = NO;
				GCC_NO_COMMON_BLOCKS = YES;
				GCC_OPTIMIZATION_LEVEL = 0;
				GCC_PREPROCESSOR_DEFINITIONS = (
					"DEBUG=1",
					"$(inherited)",
				);
				GCC_WARN_64_TO_32_BIT_CONVERSION = YES;
				GCC_WARN_ABOUT_RETURN_TYPE = YES_ERROR;
				GCC_WARN_UNDECLARED_SELECTOR = YES;
				GCC_WARN_UNINITIALIZED_AUTOS = YES_AGGRESSIVE;
				GCC_WARN_UNUSED_FUNCTION = YES;
				GCC_WARN_UNUSED_VARIABLE = YES;
				IPHONEOS_DEPLOYMENT_TARGET = 14.0;
				MTL_ENABLE_DEBUG_INFO = INCLUDE_SOURCE;
				MTL_FAST_MATH = YES;
				ONLY_ACTIVE_ARCH = YES;
				SDKROOT = iphoneos;
				SWIFT_ACTIVE_COMPILATION_CONDITIONS = DEBUG;
				SWIFT_OPTIMIZATION_LEVEL = "-Onone";
			};
			name = Debug;
		};
		3F81A09C252F4EE4009D2950 /* Release */ = {
			isa = XCBuildConfiguration;
			buildSettings = {
				ALWAYS_SEARCH_USER_PATHS = NO;
				CLANG_ANALYZER_NONNULL = YES;
				CLANG_ANALYZER_NUMBER_OBJECT_CONVERSION = YES_AGGRESSIVE;
				CLANG_CXX_LANGUAGE_STANDARD = "gnu++14";
				CLANG_CXX_LIBRARY = "libc++";
				CLANG_ENABLE_MODULES = YES;
				CLANG_ENABLE_OBJC_ARC = YES;
				CLANG_ENABLE_OBJC_WEAK = YES;
				CLANG_WARN_BLOCK_CAPTURE_AUTORELEASING = YES;
				CLANG_WARN_BOOL_CONVERSION = YES;
				CLANG_WARN_COMMA = YES;
				CLANG_WARN_CONSTANT_CONVERSION = YES;
				CLANG_WARN_DEPRECATED_OBJC_IMPLEMENTATIONS = YES;
				CLANG_WARN_DIRECT_OBJC_ISA_USAGE = YES_ERROR;
				CLANG_WARN_DOCUMENTATION_COMMENTS = YES;
				CLANG_WARN_EMPTY_BODY = YES;
				CLANG_WARN_ENUM_CONVERSION = YES;
				CLANG_WARN_INFINITE_RECURSION = YES;
				CLANG_WARN_INT_CONVERSION = YES;
				CLANG_WARN_NON_LITERAL_NULL_CONVERSION = YES;
				CLANG_WARN_OBJC_IMPLICIT_RETAIN_SELF = YES;
				CLANG_WARN_OBJC_LITERAL_CONVERSION = YES;
				CLANG_WARN_OBJC_ROOT_CLASS = YES_ERROR;
				CLANG_WARN_QUOTED_INCLUDE_IN_FRAMEWORK_HEADER = YES;
				CLANG_WARN_RANGE_LOOP_ANALYSIS = YES;
				CLANG_WARN_STRICT_PROTOTYPES = YES;
				CLANG_WARN_SUSPICIOUS_MOVE = YES;
				CLANG_WARN_UNGUARDED_AVAILABILITY = YES_AGGRESSIVE;
				CLANG_WARN_UNREACHABLE_CODE = YES;
				CLANG_WARN__DUPLICATE_METHOD_MATCH = YES;
				COPY_PHASE_STRIP = NO;
				DEBUG_INFORMATION_FORMAT = "dwarf-with-dsym";
				ENABLE_NS_ASSERTIONS = NO;
				ENABLE_STRICT_OBJC_MSGSEND = YES;
				GCC_C_LANGUAGE_STANDARD = gnu11;
				GCC_NO_COMMON_BLOCKS = YES;
				GCC_WARN_64_TO_32_BIT_CONVERSION = YES;
				GCC_WARN_ABOUT_RETURN_TYPE = YES_ERROR;
				GCC_WARN_UNDECLARED_SELECTOR = YES;
				GCC_WARN_UNINITIALIZED_AUTOS = YES_AGGRESSIVE;
				GCC_WARN_UNUSED_FUNCTION = YES;
				GCC_WARN_UNUSED_VARIABLE = YES;
				IPHONEOS_DEPLOYMENT_TARGET = 14.0;
				MTL_ENABLE_DEBUG_INFO = NO;
				MTL_FAST_MATH = YES;
				SDKROOT = iphoneos;
				SWIFT_COMPILATION_MODE = wholemodule;
				SWIFT_OPTIMIZATION_LEVEL = "-O";
				VALIDATE_PRODUCT = YES;
			};
			name = Release;
		};
		3F81A09E252F4EE4009D2950 /* Debug */ = {
			isa = XCBuildConfiguration;
			buildSettings = {
				ASSETCATALOG_COMPILER_APPICON_NAME = AppIcon;
				ASSETCATALOG_COMPILER_GLOBAL_ACCENT_COLOR_NAME = AccentColor;
				CODE_SIGN_STYLE = Automatic;
				INFOPLIST_FILE = FlowCoordinatorsExample/Info.plist;
				LD_RUNPATH_SEARCH_PATHS = (
					"$(inherited)",
					"@executable_path/Frameworks",
				);
				PRODUCT_BUNDLE_IDENTIFIER = com.sarambasich.CoordinatorsTest;
				PRODUCT_NAME = "$(TARGET_NAME)";
				SWIFT_VERSION = 5.0;
				TARGETED_DEVICE_FAMILY = "1,2";
			};
			name = Debug;
		};
		3F81A09F252F4EE4009D2950 /* Release */ = {
			isa = XCBuildConfiguration;
			buildSettings = {
				ASSETCATALOG_COMPILER_APPICON_NAME = AppIcon;
				ASSETCATALOG_COMPILER_GLOBAL_ACCENT_COLOR_NAME = AccentColor;
				CODE_SIGN_STYLE = Automatic;
				INFOPLIST_FILE = FlowCoordinatorsExample/Info.plist;
				LD_RUNPATH_SEARCH_PATHS = (
					"$(inherited)",
					"@executable_path/Frameworks",
				);
				PRODUCT_BUNDLE_IDENTIFIER = com.sarambasich.CoordinatorsTest;
				PRODUCT_NAME = "$(TARGET_NAME)";
				SWIFT_VERSION = 5.0;
				TARGETED_DEVICE_FAMILY = "1,2";
			};
			name = Release;
		};
		3F81A0A1252F4EE4009D2950 /* Debug */ = {
			isa = XCBuildConfiguration;
			buildSettings = {
				ALWAYS_EMBED_SWIFT_STANDARD_LIBRARIES = YES;
				BUNDLE_LOADER = "$(TEST_HOST)";
				CODE_SIGN_STYLE = Automatic;
				INFOPLIST_FILE = FlowCoordinatorsExample/Info.plist;
				IPHONEOS_DEPLOYMENT_TARGET = 14.0;
				LD_RUNPATH_SEARCH_PATHS = (
					"$(inherited)",
					"@executable_path/Frameworks",
					"@loader_path/Frameworks",
				);
				PRODUCT_BUNDLE_IDENTIFIER = com.sarambasich.CoordinatorsTestTests;
				PRODUCT_NAME = "$(TARGET_NAME)";
				SWIFT_VERSION = 5.0;
				TARGETED_DEVICE_FAMILY = "1,2";
				TEST_HOST = "$(BUILT_PRODUCTS_DIR)/FlowCoordinatorsExample.app/FlowCoordinatorsExample";
			};
			name = Debug;
		};
		3F81A0A2252F4EE4009D2950 /* Release */ = {
			isa = XCBuildConfiguration;
			buildSettings = {
				ALWAYS_EMBED_SWIFT_STANDARD_LIBRARIES = YES;
				BUNDLE_LOADER = "$(TEST_HOST)";
				CODE_SIGN_STYLE = Automatic;
				INFOPLIST_FILE = FlowCoordinatorsExample/Info.plist;
				IPHONEOS_DEPLOYMENT_TARGET = 14.0;
				LD_RUNPATH_SEARCH_PATHS = (
					"$(inherited)",
					"@executable_path/Frameworks",
					"@loader_path/Frameworks",
				);
				PRODUCT_BUNDLE_IDENTIFIER = com.sarambasich.CoordinatorsTestTests;
				PRODUCT_NAME = "$(TARGET_NAME)";
				SWIFT_VERSION = 5.0;
				TARGETED_DEVICE_FAMILY = "1,2";
				TEST_HOST = "$(BUILT_PRODUCTS_DIR)/FlowCoordinatorsExample.app/FlowCoordinatorsExample";
			};
			name = Release;
		};
		3F81A0A4252F4EE4009D2950 /* Debug */ = {
			isa = XCBuildConfiguration;
			buildSettings = {
				ALWAYS_EMBED_SWIFT_STANDARD_LIBRARIES = YES;
				CODE_SIGN_STYLE = Automatic;
				INFOPLIST_FILE = FlowCoordinatorsExample/Info.plist;
				LD_RUNPATH_SEARCH_PATHS = (
					"$(inherited)",
					"@executable_path/Frameworks",
					"@loader_path/Frameworks",
				);
				PRODUCT_BUNDLE_IDENTIFIER = com.sarambasich.CoordinatorsTestUITests;
				PRODUCT_NAME = "$(TARGET_NAME)";
				SWIFT_VERSION = 5.0;
				TARGETED_DEVICE_FAMILY = "1,2";
				TEST_TARGET_NAME = CoordinatorsTest;
			};
			name = Debug;
		};
		3F81A0A5252F4EE4009D2950 /* Release */ = {
			isa = XCBuildConfiguration;
			buildSettings = {
				ALWAYS_EMBED_SWIFT_STANDARD_LIBRARIES = YES;
				CODE_SIGN_STYLE = Automatic;
				INFOPLIST_FILE = FlowCoordinatorsExample/Info.plist;
				LD_RUNPATH_SEARCH_PATHS = (
					"$(inherited)",
					"@executable_path/Frameworks",
					"@loader_path/Frameworks",
				);
				PRODUCT_BUNDLE_IDENTIFIER = com.sarambasich.CoordinatorsTestUITests;
				PRODUCT_NAME = "$(TARGET_NAME)";
				SWIFT_VERSION = 5.0;
				TARGETED_DEVICE_FAMILY = "1,2";
				TEST_TARGET_NAME = CoordinatorsTest;
			};
			name = Release;
		};
/* End XCBuildConfiguration section */

/* Begin XCConfigurationList section */
		3F81A06E252F4EE3009D2950 /* Build configuration list for PBXProject "FlowCoordinatorsExample" */ = {
			isa = XCConfigurationList;
			buildConfigurations = (
				3F81A09B252F4EE4009D2950 /* Debug */,
				3F81A09C252F4EE4009D2950 /* Release */,
			);
			defaultConfigurationIsVisible = 0;
			defaultConfigurationName = Release;
		};
		3F81A09D252F4EE4009D2950 /* Build configuration list for PBXNativeTarget "FlowCoordinatorsExample" */ = {
			isa = XCConfigurationList;
			buildConfigurations = (
				3F81A09E252F4EE4009D2950 /* Debug */,
				3F81A09F252F4EE4009D2950 /* Release */,
			);
			defaultConfigurationIsVisible = 0;
			defaultConfigurationName = Release;
		};
		3F81A0A0252F4EE4009D2950 /* Build configuration list for PBXNativeTarget "FlowCoordinatorsExampleTests" */ = {
			isa = XCConfigurationList;
			buildConfigurations = (
				3F81A0A1252F4EE4009D2950 /* Debug */,
				3F81A0A2252F4EE4009D2950 /* Release */,
			);
			defaultConfigurationIsVisible = 0;
			defaultConfigurationName = Release;
		};
		3F81A0A3252F4EE4009D2950 /* Build configuration list for PBXNativeTarget "FlowCoordinatorsExampleUITests" */ = {
			isa = XCConfigurationList;
			buildConfigurations = (
				3F81A0A4252F4EE4009D2950 /* Debug */,
				3F81A0A5252F4EE4009D2950 /* Release */,
			);
			defaultConfigurationIsVisible = 0;
			defaultConfigurationName = Release;
		};
/* End XCConfigurationList section */
	};
	rootObject = 3F81A06B252F4EE3009D2950 /* Project object */;
}
